PODS:
  - ActionSheetPicker-3.0 (2.4.2)
  - Alamofire (4.9.1)
  - Cosmos (21.0.0)
  - CreditCardForm (0.1.8)
  - FBSDKCoreKit (5.15.1):
    - FBSDKCoreKit/Basics (= 5.15.1)
    - FBSDKCoreKit/Core (= 5.15.1)
  - FBSDKCoreKit/Basics (5.15.1)
  - FBSDKCoreKit/Core (5.15.1):
    - FBSDKCoreKit/Basics
  - FBSDKLoginKit (5.15.1):
    - FBSDKLoginKit/Login (= 5.15.1)
  - FBSDKLoginKit/Login (5.15.1):
    - FBSDKCoreKit (~> 5.0)
  - Firebase/Core (6.32.2):
    - Firebase/CoreOnly
    - FirebaseAnalytics (= 6.8.2)
  - Firebase/CoreOnly (6.32.2):
    - FirebaseCore (= 6.10.2)
  - FirebaseAnalytics (6.8.2):
    - FirebaseCore (~> 6.10)
    - FirebaseInstallations (~> 1.6)
    - GoogleAppMeasurement (= 6.8.2)
    - GoogleUtilities/AppDelegateSwizzler (~> 6.7)
    - GoogleUtilities/MethodSwizzler (~> 6.7)
    - GoogleUtilities/Network (~> 6.7)
    - "GoogleUtilities/NSData+zlib (~> 6.7)"
    - nanopb (~> 1.30906.0)
  - FirebaseCore (6.10.2):
    - FirebaseCoreDiagnostics (~> 1.6)
    - GoogleUtilities/Environment (~> 6.7)
    - GoogleUtilities/Logger (~> 6.7)
  - FirebaseCoreDiagnostics (1.6.0):
    - GoogleDataTransport (~> 7.2)
    - GoogleUtilities/Environment (~> 6.7)
    - GoogleUtilities/Logger (~> 6.7)
    - nanopb (~> 1.30906.0)
  - FirebaseInstallations (1.7.0):
    - FirebaseCore (~> 6.10)
    - GoogleUtilities/Environment (~> 6.7)
    - GoogleUtilities/UserDefaults (~> 6.7)
    - PromisesObjC (~> 1.2)
  - FSPagerView (0.8.3)
  - GoogleAppMeasurement (6.8.2):
    - GoogleUtilities/AppDelegateSwizzler (~> 6.7)
    - GoogleUtilities/MethodSwizzler (~> 6.7)
    - GoogleUtilities/Network (~> 6.7)
    - "GoogleUtilities/NSData+zlib (~> 6.7)"
    - nanopb (~> 1.30906.0)
  - GoogleDataTransport (7.3.0):
    - nanopb (~> 1.30906.0)
  - GoogleSignIn (4.4.0):
    - "GoogleToolboxForMac/NSDictionary+URLArguments (~> 2.1)"
    - "GoogleToolboxForMac/NSString+URLArguments (~> 2.1)"
    - GTMSessionFetcher/Core (~> 1.1)
  - GoogleToolboxForMac/DebugUtils (2.2.2):
    - GoogleToolboxForMac/Defines (= 2.2.2)
  - GoogleToolboxForMac/Defines (2.2.2)
  - "GoogleToolboxForMac/NSDictionary+URLArguments (2.2.2)":
    - GoogleToolboxForMac/DebugUtils (= 2.2.2)
    - GoogleToolboxForMac/Defines (= 2.2.2)
    - "GoogleToolboxForMac/NSString+URLArguments (= 2.2.2)"
  - "GoogleToolboxForMac/NSString+URLArguments (2.2.2)"
  - GoogleUtilities/AppDelegateSwizzler (6.7.2):
    - GoogleUtilities/Environment
    - GoogleUtilities/Logger
    - GoogleUtilities/Network
  - GoogleUtilities/Environment (6.7.2):
    - PromisesObjC (~> 1.2)
  - GoogleUtilities/Logger (6.7.2):
    - GoogleUtilities/Environment
  - GoogleUtilities/MethodSwizzler (6.7.2):
    - GoogleUtilities/Logger
  - GoogleUtilities/Network (6.7.2):
    - GoogleUtilities/Logger
    - "GoogleUtilities/NSData+zlib"
    - GoogleUtilities/Reachability
  - "GoogleUtilities/NSData+zlib (6.7.2)"
  - GoogleUtilities/Reachability (6.7.2):
    - GoogleUtilities/Logger
  - GoogleUtilities/UserDefaults (6.7.2):
    - GoogleUtilities/Logger
  - GSImageViewerController (1.6.2)
  - GTMSessionFetcher/Core (1.3.0)
  - KWVerificationCodeView (0.4.0)
  - MBRadioCheckboxButton (2.0)
  - nanopb (1.30906.0):
    - nanopb/decode (= 1.30906.0)
    - nanopb/encode (= 1.30906.0)
  - nanopb/decode (1.30906.0)
  - nanopb/encode (1.30906.0)
  - PromisesObjC (1.2.10)
  - RSKPlaceholderTextView (6.0.3)
  - SDWebImage (5.5.2):
    - SDWebImage/Core (= 5.5.2)
  - SDWebImage/Core (5.5.2)
  - Stripe (19.2.0)
  - SVProgressHUD (2.2.5)
  - VSTwitterTextCounter (0.1.3)
  - WMSegmentControl (0.1.15)

DEPENDENCIES:
  - ActionSheetPicker-3.0
  - Alamofire
  - Cosmos
  - CreditCardForm
  - FBSDKLoginKit
  - Firebase/Core
  - FSPagerView
  - GoogleSignIn (~> 4.0)
  - GSImageViewerController
  - KWVerificationCodeView
  - MBRadioCheckboxButton
  - RSKPlaceholderTextView
  - SDWebImage
  - Stripe
  - SVProgressHUD
  - VSTwitterTextCounter
  - WMSegmentControl

SPEC REPOS:
  https://github.com/cocoapods/specs.git:
    - ActionSheetPicker-3.0
    - Alamofire
    - Cosmos
    - CreditCardForm
    - FBSDKCoreKit
    - FBSDKLoginKit
    - Firebase
    - FirebaseAnalytics
    - FirebaseCore
    - FirebaseCoreDiagnostics
    - FirebaseInstallations
    - FSPagerView
    - GoogleAppMeasurement
    - GoogleDataTransport
    - GoogleSignIn
    - GoogleToolboxForMac
    - GoogleUtilities
    - GSImageViewerController
    - GTMSessionFetcher
    - KWVerificationCodeView
    - MBRadioCheckboxButton
    - nanopb
    - PromisesObjC
    - RSKPlaceholderTextView
    - SDWebImage
    - Stripe
    - SVProgressHUD
    - VSTwitterTextCounter
    - WMSegmentControl

SPEC CHECKSUMS:
  ActionSheetPicker-3.0: 5b62e07b00bd970509cf5ece99cb7447eae5dd0d
  Alamofire: 85e8a02c69d6020a0d734f6054870d7ecb75cf18
  Cosmos: 3dfb6e4ba48bd48b8c9aa2a77048ae11ed114f96
  CreditCardForm: 7e67bc394545eda9e502652af0858552b4931728
  FBSDKCoreKit: 1d5acf7c9d7a2f92bb1a242dc60cae5b7adb91df
  FBSDKLoginKit: f1ea8026a58b52d30c9f2e6a58ca7d813619fb83
  Firebase: 47176280bfba198e531f909cfb1612dad216cb96
  FirebaseAnalytics: 3c2fee6a922023ccfda7af87e4e641bad1fc11ba
  FirebaseCore: 1d697bb944bf2af5fc248f1a66e165c9dd88bf97
  FirebaseCoreDiagnostics: 7415bfb3883b3500c5a95c42b6ba66baae78f600
  FirebaseInstallations: 466c7b4d1f58fe16707693091da253726a731ed2
  FSPagerView: 670405b2f18e2a87fa37f20b00de783e562c25a8
  GoogleAppMeasurement: 1a66f478c68ecd6c16ee63ee60c7c3a648e6b337
  GoogleDataTransport: e85fb700c9b027079ce182c3d08e12e0f9618bb4
  GoogleSignIn: 7ff245e1a7b26d379099d3243a562f5747e23d39
  GoogleToolboxForMac: 800648f8b3127618c1b59c7f97684427630c5ea3
  GoogleUtilities: 7f2f5a07f888cdb145101d6042bc4422f57e70b3
  GSImageViewerController: 3b8fb7d2ab7596152329d7910eeb1905b2284cb9
  GTMSessionFetcher: 43b8b64263023d4f32caa0b40f4c8bfa3c5f36d8
  KWVerificationCodeView: 92cca6ad028546d3232fa75cda3a40d00109a1a2
  MBRadioCheckboxButton: 6e2a2cdc441e292e45b64c4e65eb8fc1fc05eef2
  nanopb: 59317e09cf1f1a0af72f12af412d54edf52603fc
  PromisesObjC: b14b1c6b68e306650688599de8a45e49fae81151
  RSKPlaceholderTextView: fc8c8932546298ec9d5e5572284aa42adb87b066
  SDWebImage: 4d5c027c935438f341ed33dbac53ff9f479922ca
  Stripe: d481c2dab9a892fd923f097f854661217f70dc7f
  SVProgressHUD: 1428aafac632c1f86f62aa4243ec12008d7a51d6
  VSTwitterTextCounter: 1703eefe7f06951b8aab3110e5779a793d67fc43
  WMSegmentControl: 573b8175545c1342fca7c2494c0bf93aa0a98454

PODFILE CHECKSUM: 77825283d13f43a2c58906774c56cb94439dd9fc

COCOAPODS: 1.7.2
